
Microsoft Visual Studio Solution File, Format Version 12.00
# Visual Studio 2012
Project("{FAE04EC0-301F-11D3-BF4B-00C04F79EFBC}") = "WPNest", "WPNest\WPNest.csproj", "{58D4E211-A32B-410D-B2B0-6A317C230D0A}"
EndProject
Project("{FAE04EC0-301F-11D3-BF4B-00C04F79EFBC}") = "WPNest8", "..\WPNest8\WPNest8.csproj", "{0A21ABB3-ABC2-457A-B649-6140AF23CB06}"
EndProject
Global
	GlobalSection(SolutionConfigurationPlatforms) = preSolution
		Debug|Any CPU = Debug|Any CPU
		Debug|ARM = Debug|ARM
		Debug|x86 = Debug|x86
		Release|Any CPU = Release|Any CPU
		Release|ARM = Release|ARM
		Release|x86 = Release|x86
		Test|Any CPU = Test|Any CPU
		Test|ARM = Test|ARM
		Test|x86 = Test|x86
	EndGlobalSection
	GlobalSection(ProjectConfigurationPlatforms) = postSolution
		{58D4E211-A32B-410D-B2B0-6A317C230D0A}.Debug|Any CPU.ActiveCfg = Debug|Any CPU
		{58D4E211-A32B-410D-B2B0-6A317C230D0A}.Debug|Any CPU.Build.0 = Debug|Any CPU
		{58D4E211-A32B-410D-B2B0-6A317C230D0A}.Debug|Any CPU.Deploy.0 = Debug|Any CPU
		{58D4E211-A32B-410D-B2B0-6A317C230D0A}.Debug|ARM.ActiveCfg = Debug|Any CPU
		{58D4E211-A32B-410D-B2B0-6A317C230D0A}.Debug|x86.ActiveCfg = Debug|Any CPU
		{58D4E211-A32B-410D-B2B0-6A317C230D0A}.Release|Any CPU.ActiveCfg = Release|Any CPU
		{58D4E211-A32B-410D-B2B0-6A317C230D0A}.Release|Any CPU.Build.0 = Release|Any CPU
		{58D4E211-A32B-410D-B2B0-6A317C230D0A}.Release|Any CPU.Deploy.0 = Release|Any CPU
		{58D4E211-A32B-410D-B2B0-6A317C230D0A}.Release|ARM.ActiveCfg = Release|Any CPU
		{58D4E211-A32B-410D-B2B0-6A317C230D0A}.Release|x86.ActiveCfg = Release|Any CPU
		{58D4E211-A32B-410D-B2B0-6A317C230D0A}.Test|Any CPU.ActiveCfg = Test|Any CPU
		{58D4E211-A32B-410D-B2B0-6A317C230D0A}.Test|Any CPU.Build.0 = Test|Any CPU
		{58D4E211-A32B-410D-B2B0-6A317C230D0A}.Test|Any CPU.Deploy.0 = Test|Any CPU
		{58D4E211-A32B-410D-B2B0-6A317C230D0A}.Test|ARM.ActiveCfg = Test|Any CPU
		{58D4E211-A32B-410D-B2B0-6A317C230D0A}.Test|x86.ActiveCfg = Test|Any CPU
		{0A21ABB3-ABC2-457A-B649-6140AF23CB06}.Debug|Any CPU.ActiveCfg = Debug|Any CPU
		{0A21ABB3-ABC2-457A-B649-6140AF23CB06}.Debug|Any CPU.Build.0 = Debug|Any CPU
		{0A21ABB3-ABC2-457A-B649-6140AF23CB06}.Debug|Any CPU.Deploy.0 = Debug|Any CPU
		{0A21ABB3-ABC2-457A-B649-6140AF23CB06}.Debug|ARM.ActiveCfg = Debug|ARM
		{0A21ABB3-ABC2-457A-B649-6140AF23CB06}.Debug|ARM.Build.0 = Debug|ARM
		{0A21ABB3-ABC2-457A-B649-6140AF23CB06}.Debug|ARM.Deploy.0 = Debug|ARM
		{0A21ABB3-ABC2-457A-B649-6140AF23CB06}.Debug|x86.ActiveCfg = Debug|x86
		{0A21ABB3-ABC2-457A-B649-6140AF23CB06}.Debug|x86.Build.0 = Debug|x86
		{0A21ABB3-ABC2-457A-B649-6140AF23CB06}.Debug|x86.Deploy.0 = Debug|x86
		{0A21ABB3-ABC2-457A-B649-6140AF23CB06}.Release|Any CPU.ActiveCfg = Release|Any CPU
		{0A21ABB3-ABC2-457A-B649-6140AF23CB06}.Release|Any CPU.Build.0 = Release|Any CPU
		{0A21ABB3-ABC2-457A-B649-6140AF23CB06}.Release|Any CPU.Deploy.0 = Release|Any CPU
		{0A21ABB3-ABC2-457A-B649-6140AF23CB06}.Release|ARM.ActiveCfg = Release|ARM
		{0A21ABB3-ABC2-457A-B649-6140AF23CB06}.Release|ARM.Build.0 = Release|ARM
		{0A21ABB3-ABC2-457A-B649-6140AF23CB06}.Release|ARM.Deploy.0 = Release|ARM
		{0A21ABB3-ABC2-457A-B649-6140AF23CB06}.Release|x86.ActiveCfg = Release|x86
		{0A21ABB3-ABC2-457A-B649-6140AF23CB06}.Release|x86.Build.0 = Release|x86
		{0A21ABB3-ABC2-457A-B649-6140AF23CB06}.Release|x86.Deploy.0 = Release|x86
		{0A21ABB3-ABC2-457A-B649-6140AF23CB06}.Test|Any CPU.ActiveCfg = Test|Any CPU
		{0A21ABB3-ABC2-457A-B649-6140AF23CB06}.Test|Any CPU.Build.0 = Test|Any CPU
		{0A21ABB3-ABC2-457A-B649-6140AF23CB06}.Test|Any CPU.Deploy.0 = Test|Any CPU
		{0A21ABB3-ABC2-457A-B649-6140AF23CB06}.Test|ARM.ActiveCfg = Release|ARM
		{0A21ABB3-ABC2-457A-B649-6140AF23CB06}.Test|ARM.Build.0 = Release|ARM
		{0A21ABB3-ABC2-457A-B649-6140AF23CB06}.Test|ARM.Deploy.0 = Release|ARM
		{0A21ABB3-ABC2-457A-B649-6140AF23CB06}.Test|x86.ActiveCfg = Release|x86
		{0A21ABB3-ABC2-457A-B649-6140AF23CB06}.Test|x86.Build.0 = Release|x86
		{0A21ABB3-ABC2-457A-B649-6140AF23CB06}.Test|x86.Deploy.0 = Release|x86
	EndGlobalSection
	GlobalSection(SolutionProperties) = preSolution
		HideSolutionNode = FALSE
	EndGlobalSection
EndGlobal
