
Microsoft Visual Studio Solution File, Format Version 11.00
# Visual Studio 2010
Project("{FAE04EC0-301F-11D3-BF4B-00C04F79EFBC}") = "Tools", "Infrastructure\TestService\Tools.csproj", "{EAD97859-8FDE-4FBA-B65C-E0718A49E5DB}"
EndProject
Project("{FAE04EC0-301F-11D3-BF4B-00C04F79EFBC}") = "Tasks", "Infrastructure\Tasks\Tasks.csproj", "{6D5608E4-1A66-45F6-B258-C960E77E1D8F}"
EndProject
Project("{FAE04EC0-301F-11D3-BF4B-00C04F79EFBC}") = "UnitTesting", "TestFramework\UnitTesting.csproj", "{FBACE883-73A3-45C6-BDBF-72C34EF57334}"
EndProject
Global
	GlobalSection(SolutionConfigurationPlatforms) = preSolution
		Debug|Any CPU = Debug|Any CPU
		Debug|Mixed Platforms = Debug|Mixed Platforms
		Debug|x86 = Debug|x86
		Release|Any CPU = Release|Any CPU
		Release|Mixed Platforms = Release|Mixed Platforms
		Release|x86 = Release|x86
	EndGlobalSection
	GlobalSection(ProjectConfigurationPlatforms) = postSolution
		{EAD97859-8FDE-4FBA-B65C-E0718A49E5DB}.Debug|Any CPU.ActiveCfg = Debug|Any CPU
		{EAD97859-8FDE-4FBA-B65C-E0718A49E5DB}.Debug|Any CPU.Build.0 = Debug|Any CPU
		{EAD97859-8FDE-4FBA-B65C-E0718A49E5DB}.Debug|Mixed Platforms.ActiveCfg = Debug|Any CPU
		{EAD97859-8FDE-4FBA-B65C-E0718A49E5DB}.Debug|Mixed Platforms.Build.0 = Debug|Any CPU
		{EAD97859-8FDE-4FBA-B65C-E0718A49E5DB}.Debug|x86.ActiveCfg = Debug|Any CPU
		{EAD97859-8FDE-4FBA-B65C-E0718A49E5DB}.Release|Any CPU.ActiveCfg = Release|Any CPU
		{EAD97859-8FDE-4FBA-B65C-E0718A49E5DB}.Release|Any CPU.Build.0 = Release|Any CPU
		{EAD97859-8FDE-4FBA-B65C-E0718A49E5DB}.Release|Mixed Platforms.ActiveCfg = Release|Any CPU
		{EAD97859-8FDE-4FBA-B65C-E0718A49E5DB}.Release|Mixed Platforms.Build.0 = Release|Any CPU
		{EAD97859-8FDE-4FBA-B65C-E0718A49E5DB}.Release|x86.ActiveCfg = Release|Any CPU
		{6D5608E4-1A66-45F6-B258-C960E77E1D8F}.Debug|Any CPU.ActiveCfg = Debug|Any CPU
		{6D5608E4-1A66-45F6-B258-C960E77E1D8F}.Debug|Any CPU.Build.0 = Debug|Any CPU
		{6D5608E4-1A66-45F6-B258-C960E77E1D8F}.Debug|Mixed Platforms.ActiveCfg = Debug|Any CPU
		{6D5608E4-1A66-45F6-B258-C960E77E1D8F}.Debug|Mixed Platforms.Build.0 = Debug|Any CPU
		{6D5608E4-1A66-45F6-B258-C960E77E1D8F}.Debug|x86.ActiveCfg = Debug|Any CPU
		{6D5608E4-1A66-45F6-B258-C960E77E1D8F}.Release|Any CPU.ActiveCfg = Release|Any CPU
		{6D5608E4-1A66-45F6-B258-C960E77E1D8F}.Release|Any CPU.Build.0 = Release|Any CPU
		{6D5608E4-1A66-45F6-B258-C960E77E1D8F}.Release|Mixed Platforms.ActiveCfg = Release|Any CPU
		{6D5608E4-1A66-45F6-B258-C960E77E1D8F}.Release|Mixed Platforms.Build.0 = Release|Any CPU
		{6D5608E4-1A66-45F6-B258-C960E77E1D8F}.Release|x86.ActiveCfg = Release|Any CPU
		{FBACE883-73A3-45C6-BDBF-72C34EF57334}.Debug|Any CPU.ActiveCfg = Debug|Any CPU
		{FBACE883-73A3-45C6-BDBF-72C34EF57334}.Debug|Any CPU.Build.0 = Debug|Any CPU
		{FBACE883-73A3-45C6-BDBF-72C34EF57334}.Debug|Mixed Platforms.ActiveCfg = Debug|Any CPU
		{FBACE883-73A3-45C6-BDBF-72C34EF57334}.Debug|Mixed Platforms.Build.0 = Debug|Any CPU
		{FBACE883-73A3-45C6-BDBF-72C34EF57334}.Debug|x86.ActiveCfg = Debug|Any CPU
		{FBACE883-73A3-45C6-BDBF-72C34EF57334}.Release|Any CPU.ActiveCfg = Release|Any CPU
		{FBACE883-73A3-45C6-BDBF-72C34EF57334}.Release|Any CPU.Build.0 = Release|Any CPU
		{FBACE883-73A3-45C6-BDBF-72C34EF57334}.Release|Mixed Platforms.ActiveCfg = Release|Any CPU
		{FBACE883-73A3-45C6-BDBF-72C34EF57334}.Release|Mixed Platforms.Build.0 = Release|Any CPU
		{FBACE883-73A3-45C6-BDBF-72C34EF57334}.Release|x86.ActiveCfg = Release|Any CPU
	EndGlobalSection
	GlobalSection(SolutionProperties) = preSolution
		HideSolutionNode = FALSE
	EndGlobalSection
EndGlobal
